Serverless Opportunities don't happen. You create them. Kubernetes Innovation distinguishes between a leader and a follower. Cloud Edge Computing Code Review CI/CD Agile Stay hungry, stay foolish. OAuth Algorithm API Success doesn’t just find you. You have to go out and get it. Happiness is not something ready made. It comes from your own actions.
