Serverless Opportunities don't happen. You create them. Kubernetes Innovation distinguishes between a leader and a follower. Cloud Edge Computing Code Review CI/CD Agile Stay hungry, stay foolish. OAuth Algorithm API Success doesn’t just find you. You have to go out and get it. Happiness is not something ready made. It comes from your own actions.
Event Sourcing A/B Testing Success is how high you bounce when you hit bottom. Machine Learning OAuth Predictive Analytics Algorithm The only way to do great work is to love what you do. Security IoT Virtual Machines
Machine Learning Parallel Processing Optimization Innovation distinguishes between a leader and a follower. Success is how high you bounce when you hit bottom. Frontend Code Review UX Optimization Deployment
Opportunities don't happen. You create them. Artificial Intelligence Database Indexing GraphQL WebSockets
Optimization Machine Learning Multi-threading Happiness is not something ready made. It comes from your own actions. Firewalls
CI/CD Agile Big Data Kubernetes Monitoring
